// !$*UTF8*$!
{
	archiveVersion = 1;
	classes = {
	};
	objectVersion = 50;
	objects = {

/* Begin PBXBuildFile section */
		8BFD19648A4A1AB8A13CD388 /* Pods_Qoot_Restaurant.framework in Frameworks */ = {isa = PBXBuildFile; fileRef = 028B3948EC78D4D67B9B5401 /* Pods_Qoot_Restaurant.framework */; };
		D00254CD216D8B5200BD619B /* CLScheduleViewController.xib in Resources */ = {isa = PBXBuildFile; fileRef = D00254BA216D8B5200BD619B /* CLScheduleViewController.xib */; };
		D00254CE216D8B5200BD619B /* CLScheduleViewController.swift in Sources */ = {isa = PBXBuildFile; fileRef = D00254BB216D8B5200BD619B /* CLScheduleViewController.swift */; };
		D00254CF216D8B5200BD619B /* CLTimeSlotsModel.swift in Sources */ = {isa = PBXBuildFile; fileRef = D00254BD216D8B5200BD619B /* CLTimeSlotsModel.swift */; };
		D00254D0216D8B5200BD619B /* CLCalanderTableViewCell.swift in Sources */ = {isa = PBXBuildFile; fileRef = D00254C0216D8B5200BD619B /* CLCalanderTableViewCell.swift */; };
		D00254D1216D8B5200BD619B /* CLCalanderTableViewCell.xib in Resources */ = {isa = PBXBuildFile; fileRef = D00254C1216D8B5200BD619B /* CLCalanderTableViewCell.xib */; };
		D00254D4216D8B5200BD619B /* CLTimeSlotCollectionCell.xib in Resources */ = {isa = PBXBuildFile; fileRef = D00254C6216D8B5200BD619B /* CLTimeSlotCollectionCell.xib */; };
		D00254D5216D8B5200BD619B /* CLTimeSlotCollectionCell.swift in Sources */ = {isa = PBXBuildFile; fileRef = D00254C7216D8B5200BD619B /* CLTimeSlotCollectionCell.swift */; };
		D00254D6216D8B5200BD619B /* CLWeekCollectionCell.swift in Sources */ = {isa = PBXBuildFile; fileRef = D00254C9216D8B5200BD619B /* CLWeekCollectionCell.swift */; };
		D00254D7216D8B5200BD619B /* CLWeekCollectionCell.xib in Resources */ = {isa = PBXBuildFile; fileRef = D00254CA216D8B5200BD619B /* CLWeekCollectionCell.xib */; };
		D0027B9522107F2D0044325E /* SettingsVC.xib in Resources */ = {isa = PBXBuildFile; fileRef = D0027B9322107F2D0044325E /* SettingsVC.xib */; };
		D0027B9622107F2D0044325E /* SettingsVC.swift in Sources */ = {isa = PBXBuildFile; fileRef = D0027B9422107F2D0044325E /* SettingsVC.swift */; };
		D0045FF52165A6840006F12E /* CLKeyWordCollectionViewCell.swift in Sources */ = {isa = PBXBuildFile; fileRef = D0045FF32165A6840006F12E /* CLKeyWordCollectionViewCell.swift */; };
		D0045FF62165A6840006F12E /* CLKeyWordCollectionViewCell.xib in Resources */ = {isa = PBXBuildFile; fileRef = D0045FF42165A6840006F12E /* CLKeyWordCollectionViewCell.xib */; };
		D0184FB52163059000C0138D /* AddNewDishVC.swift in Sources */ = {isa = PBXBuildFile; fileRef = D0184FB32163059000C0138D /* AddNewDishVC.swift */; };
		D0184FB62163059000C0138D /* AddNewDishVC.xib in Resources */ = {isa = PBXBuildFile; fileRef = D0184FB42163059000C0138D /* AddNewDishVC.xib */; };
		D0184FBA21631E6800C0138D /* ChooseCategoryVC.swift in Sources */ = {isa = PBXBuildFile; fileRef = D0184FB821631E6800C0138D /* ChooseCategoryVC.swift */; };
		D0184FBB21631E6800C0138D /* ChooseCategoryVC.xib in Resources */ = {isa = PBXBuildFile; fileRef = D0184FB921631E6800C0138D /* ChooseCategoryVC.xib */; };
		D0184FBF21631FFA00C0138D /* CategoryTVC.swift in Sources */ = {isa = PBXBuildFile; fileRef = D0184FBD21631FFA00C0138D /* CategoryTVC.swift */; };
		D0184FC021631FFA00C0138D /* CategoryTVC.xib in Resources */ = {isa = PBXBuildFile; fileRef = D0184FBE21631FFA00C0138D /* CategoryTVC.xib */; };
		D01F8FB9216A63CD009CA56E /* NotificationVC.swift in Sources */ = {isa = PBXBuildFile; fileRef = D01F8FB7216A63CD009CA56E /* NotificationVC.swift */; };
		D01F8FBA216A63CD009CA56E /* NotificationVC.xib in Resources */ = {isa = PBXBuildFile; fileRef = D01F8FB8216A63CD009CA56E /* NotificationVC.xib */; };
		D01F8FBE216A6B51009CA56E /* NotificationsTVC.swift in Sources */ = {isa = PBXBuildFile; fileRef = D01F8FBC216A6B51009CA56E /* NotificationsTVC.swift */; };
		D01F8FBF216A6B51009CA56E /* NotificationsTVC.xib in Resources */ = {isa = PBXBuildFile; fileRef = D01F8FBD216A6B51009CA56E /* NotificationsTVC.xib */; };
		D02192CF215FDCD20092D506 /* BaseViewController.swift in Sources */ = {isa = PBXBuildFile; fileRef = D02192CA215FDCD10092D506 /* BaseViewController.swift */; };
		D02192D0215FDCD20092D506 /* OTPVC.swift in Sources */ = {isa = PBXBuildFile; fileRef = D02192CC215FDCD10092D506 /* OTPVC.swift */; };
		D02192D1215FDCD20092D506 /* RegisterVC.swift in Sources */ = {isa = PBXBuildFile; fileRef = D02192CD215FDCD10092D506 /* RegisterVC.swift */; };
		D02192D2215FDCD20092D506 /* DashboardVC.swift in Sources */ = {isa = PBXBuildFile; fileRef = D02192CE215FDCD10092D506 /* DashboardVC.swift */; };
		D02192D6215FDF940092D506 /* Roboto-Regular.ttf in Resources */ = {isa = PBXBuildFile; fileRef = D02192D4215FDF940092D506 /* Roboto-Regular.ttf */; };
		D02192D7215FDF940092D506 /* Roboto-Bold.ttf in Resources */ = {isa = PBXBuildFile; fileRef = D02192D5215FDF940092D506 /* Roboto-Bold.ttf */; };
		D02192DA215FE0430092D506 /* Localizable.strings in Resources */ = {isa = PBXBuildFile; fileRef = D02192DC215FE0430092D506 /* Localizable.strings */; };
		D02192EC215FE1390092D506 /* WalkThroughCVC.xib in Resources */ = {isa = PBXBuildFile; fileRef = D02192E5215FE1390092D506 /* WalkThroughCVC.xib */; };
		D02192ED215FE1390092D506 /* WalkThroughCVC.swift in Sources */ = {isa = PBXBuildFile; fileRef = D02192E6215FE1390092D506 /* WalkThroughCVC.swift */; };
		D02192EE215FE1390092D506 /* WalkThroughVC.swift in Sources */ = {isa = PBXBuildFile; fileRef = D02192E7215FE1390092D506 /* WalkThroughVC.swift */; };
		D02192EF215FE1390092D506 /* WalkThroughVC.xib in Resources */ = {isa = PBXBuildFile; fileRef = D02192E8215FE1390092D506 /* WalkThroughVC.xib */; };
		D02192F0215FE1390092D506 /* LoginViewController.xib in Resources */ = {isa = PBXBuildFile; fileRef = D02192EA215FE1390092D506 /* LoginViewController.xib */; };
		D02192F1215FE1390092D506 /* LoginViewController.swift in Sources */ = {isa = PBXBuildFile; fileRef = D02192EB215FE1390092D506 /* LoginViewController.swift */; };
		D0219315215FE1E60092D506 /* CLBaseService.swift in Sources */ = {isa = PBXBuildFile; fileRef = D02192F5215FE1E40092D506 /* CLBaseService.swift */; };
		D0219316215FE1E60092D506 /* CLNetworkManager.swift in Sources */ = {isa = PBXBuildFile; fileRef = D02192F6215FE1E40092D506 /* CLNetworkManager.swift */; };
		D0219317215FE1E60092D506 /* CLNetworkModel.swift in Sources */ = {isa = PBXBuildFile; fileRef = D02192F7215FE1E40092D506 /* CLNetworkModel.swift */; };
		D0219318215FE1E60092D506 /* CLNetworkUtility.swift in Sources */ = {isa = PBXBuildFile; fileRef = D02192F8215FE1E40092D506 /* CLNetworkUtility.swift */; };
		D0219319215FE1E60092D506 /* Reachability.m in Sources */ = {isa = PBXBuildFile; fileRef = D02192FA215FE1E40092D506 /* Reachability.m */; };
		D021931A215FE1E60092D506 /* UIColorExtension.swift in Sources */ = {isa = PBXBuildFile; fileRef = D02192FD215FE1E40092D506 /* UIColorExtension.swift */; };
		D021931B215FE1E60092D506 /* StringExtensions.swift in Sources */ = {isa = PBXBuildFile; fileRef = D02192FE215FE1E40092D506 /* StringExtensions.swift */; };
		D021931C215FE1E60092D506 /* UIViewExtensions.swift in Sources */ = {isa = PBXBuildFile; fileRef = D02192FF215FE1E40092D506 /* UIViewExtensions.swift */; };
		D021931D215FE1E60092D506 /* UIImageViewExtensions.swift in Sources */ = {isa = PBXBuildFile; fileRef = D0219300215FE1E40092D506 /* UIImageViewExtensions.swift */; };
		D021931E215FE1E60092D506 /* ApplicationController.swift in Sources */ = {isa = PBXBuildFile; fileRef = D0219303215FE1E50092D506 /* ApplicationController.swift */; };
		D021931F215FE1E60092D506 /* LanguageManger.swift in Sources */ = {isa = PBXBuildFile; fileRef = D0219305215FE1E50092D506 /* LanguageManger.swift */; };
		D0219320215FE1E60092D506 /* ExSlideMenuController.swift in Sources */ = {isa = PBXBuildFile; fileRef = D0219306215FE1E50092D506 /* ExSlideMenuController.swift */; };
		D0219321215FE1E60092D506 /* FetchApiUrls.swift in Sources */ = {isa = PBXBuildFile; fileRef = D0219308215FE1E50092D506 /* FetchApiUrls.swift */; };
		D0219322215FE1E60092D506 /* UserManager.swift in Sources */ = {isa = PBXBuildFile; fileRef = D0219309215FE1E50092D506 /* UserManager.swift */; };
		D0219323215FE1E60092D506 /* CartManager.swift in Sources */ = {isa = PBXBuildFile; fileRef = D021930A215FE1E50092D506 /* CartManager.swift */; };
		D0219325215FE1E60092D506 /* CCUtility.swift in Sources */ = {isa = PBXBuildFile; fileRef = D021930D215FE1E60092D506 /* CCUtility.swift */; };
		D0219326215FE1E60092D506 /* L012Localizer.swift in Sources */ = {isa = PBXBuildFile; fileRef = D021930F215FE1E60092D506 /* L012Localizer.swift */; };
		D0219327215FE1E60092D506 /* L102Language.swift in Sources */ = {isa = PBXBuildFile; fileRef = D0219310215FE1E60092D506 /* L102Language.swift */; };
		D0219328215FE1E60092D506 /* Constants.swift in Sources */ = {isa = PBXBuildFile; fileRef = D0219312215FE1E60092D506 /* Constants.swift */; };
		D0219329215FE1E60092D506 /* CoreDataHandler.swift in Sources */ = {isa = PBXBuildFile; fileRef = D0219314215FE1E60092D506 /* CoreDataHandler.swift */; };
		D021932D215FE4FD0092D506 /* LanguageVC.swift in Sources */ = {isa = PBXBuildFile; fileRef = D021932B215FE4FD0092D506 /* LanguageVC.swift */; };
		D021932E215FE4FD0092D506 /* LanguageVC.xib in Resources */ = {isa = PBXBuildFile; fileRef = D021932C215FE4FD0092D506 /* LanguageVC.xib */; };
		D0219331215FE5D40092D506 /* User.swift in Sources */ = {isa = PBXBuildFile; fileRef = D0219330215FE5D30092D506 /* User.swift */; };
		D0219334215FE6120092D506 /* Qoot.xcdatamodeld in Sources */ = {isa = PBXBuildFile; fileRef = D0219332215FE6120092D506 /* Qoot.xcdatamodeld */; };
		D021933B215FE8D00092D506 /* ManuTVC.xib in Resources */ = {isa = PBXBuildFile; fileRef = D0219337215FE8CF0092D506 /* ManuTVC.xib */; };
		D021933C215FE8D00092D506 /* ManuTVC.swift in Sources */ = {isa = PBXBuildFile; fileRef = D0219338215FE8CF0092D506 /* ManuTVC.swift */; };
		D021933D215FE8D00092D506 /* MenuVC.xib in Resources */ = {isa = PBXBuildFile; fileRef = D0219339215FE8CF0092D506 /* MenuVC.xib */; };
		D021933E215FE8D00092D506 /* MenuVC.swift in Sources */ = {isa = PBXBuildFile; fileRef = D021933A215FE8CF0092D506 /* MenuVC.swift */; };
		D0258FC0215C8DC20081CB0E /* AppDelegate.swift in Sources */ = {isa = PBXBuildFile; fileRef = D0258FBF215C8DC20081CB0E /* AppDelegate.swift */; };
		D0258FC5215C8DC20081CB0E /* Main.storyboard in Resources */ = {isa = PBXBuildFile; fileRef = D0258FC3215C8DC20081CB0E /* Main.storyboard */; };
		D0258FC7215C8DC60081CB0E /* Assets.xcassets in Resources */ = {isa = PBXBuildFile; fileRef = D0258FC6215C8DC60081CB0E /* Assets.xcassets */; };
		D0258FCA215C8DC60081CB0E /* LaunchScreen.storyboard in Resources */ = {isa = PBXBuildFile; fileRef = D0258FC8215C8DC60081CB0E /* LaunchScreen.storyboard */; };
		D03015642160566900EFC88E /* HomeVC.swift in Sources */ = {isa = PBXBuildFile; fileRef = D03015622160566900EFC88E /* HomeVC.swift */; };
		D03015652160566900EFC88E /* HomeVC.xib in Resources */ = {isa = PBXBuildFile; fileRef = D03015632160566900EFC88E /* HomeVC.xib */; };
		D03015692161A36F00EFC88E /* HomeCVC.swift in Sources */ = {isa = PBXBuildFile; fileRef = D03015672161A36F00EFC88E /* HomeCVC.swift */; };
		D030156A2161A36F00EFC88E /* HomeCVC.xib in Resources */ = {isa = PBXBuildFile; fileRef = D03015682161A36F00EFC88E /* HomeCVC.xib */; };
		D0F262C2220B3EC300A86BAC /* ForgotPasswordOTPVC.swift in Sources */ = {isa = PBXBuildFile; fileRef = D0F262BA220B3EC200A86BAC /* ForgotPasswordOTPVC.swift */; };
		D0F262C3220B3EC300A86BAC /* ForgotPasswordOTPVC.xib in Resources */ = {isa = PBXBuildFile; fileRef = D0F262BB220B3EC200A86BAC /* ForgotPasswordOTPVC.xib */; };
		D0F262C4220B3EC300A86BAC /* ForgotPasswordVC.swift in Sources */ = {isa = PBXBuildFile; fileRef = D0F262BD220B3EC300A86BAC /* ForgotPasswordVC.swift */; };
		D0F262C5220B3EC300A86BAC /* ForgotPasswordVC.xib in Resources */ = {isa = PBXBuildFile; fileRef = D0F262BE220B3EC300A86BAC /* ForgotPasswordVC.xib */; };
		D0F262C6220B3EC300A86BAC /* ResetPasswordVC.swift in Sources */ = {isa = PBXBuildFile; fileRef = D0F262C0220B3EC300A86BAC /* ResetPasswordVC.swift */; };
		D0F262C7220B3EC300A86BAC /* ResetPasswordVC.xib in Resources */ = {isa = PBXBuildFile; fileRef = D0F262C1220B3EC300A86BAC /* ResetPasswordVC.xib */; };
		D0F370A6221DC37600D2D0C5 /* WalletVC.swift in Sources */ = {isa = PBXBuildFile; fileRef = D0F370A4221DC37600D2D0C5 /* WalletVC.swift */; };
		D0F370A7221DC37600D2D0C5 /* WalletVC.xib in Resources */ = {isa = PBXBuildFile; fileRef = D0F370A5221DC37600D2D0C5 /* WalletVC.xib */; };
		D0FC95E922277FCD008F8C0F /* AllOrdersVC.swift in Sources */ = {isa = PBXBuildFile; fileRef = D0FC95E722277FCD008F8C0F /* AllOrdersVC.swift */; };
		D0FC95EA22277FCD008F8C0F /* AllOrdersVC.xib in Resources */ = {isa = PBXBuildFile; fileRef = D0FC95E822277FCD008F8C0F /* AllOrdersVC.xib */; };
/* End PBXBuildFile section */

/* Begin PBXFileReference section */
		028B3948EC78D4D67B9B5401 /* Pods_Qoot_Restaurant.framework */ = {isa = PBXFileReference; explicitFileType = wrapper.framework; includeInIndex = 0; path = Pods_Qoot_Restaurant.framework; sourceTree = BUILT_PRODUCTS_DIR; };
		976F4DF30AE2138772928101 /* Pods-Qoot_Restaurant.debug.xcconfig */ = {isa = PBXFileReference; includeInIndex = 1; lastKnownFileType = text.xcconfig; name = "Pods-Qoot_Restaurant.debug.xcconfig"; path = "Pods/Target Support Files/Pods-Qoot_Restaurant/Pods-Qoot_Restaurant.debug.xcconfig"; sourceTree = "<group>"; };
		D00254BA216D8B5200BD619B /* CLScheduleViewController.xib */ = {isa = PBXFileReference; fileEncoding = 4; lastKnownFileType = file.xib; path = CLScheduleViewController.xib; sourceTree = "<group>"; };
		D00254BB216D8B5200BD619B /* CLScheduleViewController.swift */ = {isa = PBXFileReference; fileEncoding = 4; lastKnownFileType = sourcecode.swift; path = CLScheduleViewController.swift; sourceTree = "<group>"; };
		D00254BD216D8B5200BD619B /* CLTimeSlotsModel.swift */ = {isa = PBXFileReference; fileEncoding = 4; lastKnownFileType = sourcecode.swift; path = CLTimeSlotsModel.swift; sourceTree = "<group>"; };
		D00254C0216D8B5200BD619B /* CLCalanderTableViewCell.swift */ = {isa = PBXFileReference; fileEncoding = 4; lastKnownFileType = sourcecode.swift; path = CLCalanderTableViewCell.swift; sourceTree = "<group>"; };
		D00254C1216D8B5200BD619B /* CLCalanderTableViewCell.xib */ = {isa = PBXFileReference; fileEncoding = 4; lastKnownFileType = file.xib; path = CLCalanderTableViewCell.xib; sourceTree = "<group>"; };
		D00254C6216D8B5200BD619B /* CLTimeSlotCollectionCell.xib */ = {isa = PBXFileReference; fileEncoding = 4; lastKnownFileType = file.xib; path = CLTimeSlotCollectionCell.xib; sourceTree = "<group>"; };
		D00254C7216D8B5200BD619B /* CLTimeSlotCollectionCell.swift */ = {isa = PBXFileReference; fileEncoding = 4; lastKnownFileType = sourcecode.swift; path = CLTimeSlotCollectionCell.swift; sourceTree = "<group>"; };
		D00254C9216D8B5200BD619B /* CLWeekCollectionCell.swift */ = {isa = PBXFileReference; fileEncoding = 4; lastKnownFileType = sourcecode.swift; path = CLWeekCollectionCell.swift; sourceTree = "<group>"; };
		D00254CA216D8B5200BD619B /* CLWeekCollectionCell.xib */ = {isa = PBXFileReference; fileEncoding = 4; lastKnownFileType = file.xib; path = CLWeekCollectionCell.xib; sourceTree = "<group>"; };
		D0027B9322107F2D0044325E /* SettingsVC.xib */ = {isa = PBXFileReference; fileEncoding = 4; lastKnownFileType = file.xib; path = SettingsVC.xib; sourceTree = "<group>"; };
		D0027B9422107F2D0044325E /* SettingsVC.swift */ = {isa = PBXFileReference; fileEncoding = 4; lastKnownFileType = sourcecode.swift; path = SettingsVC.swift; sourceTree = "<group>"; };
		D0045FF32165A6840006F12E /* CLKeyWordCollectionViewCell.swift */ = {isa = PBXFileReference; fileEncoding = 4; lastKnownFileType = sourcecode.swift; path = CLKeyWordCollectionViewCell.swift; sourceTree = "<group>"; };
		D0045FF42165A6840006F12E /* CLKeyWordCollectionViewCell.xib */ = {isa = PBXFileReference; fileEncoding = 4; lastKnownFileType = file.xib; path = CLKeyWordCollectionViewCell.xib; sourceTree = "<group>"; };
		D0184FB32163059000C0138D /* AddNewDishVC.swift */ = {isa = PBXFileReference; lastKnownFileType = sourcecode.swift; path = AddNewDishVC.swift; sourceTree = "<group>"; };
		D0184FB42163059000C0138D /* AddNewDishVC.xib */ = {isa = PBXFileReference; lastKnownFileType = file.xib; path = AddNewDishVC.xib; sourceTree = "<group>"; };
		D0184FB821631E6800C0138D /* ChooseCategoryVC.swift */ = {isa = PBXFileReference; lastKnownFileType = sourcecode.swift; path = ChooseCategoryVC.swift; sourceTree = "<group>"; };
		D0184FB921631E6800C0138D /* ChooseCategoryVC.xib */ = {isa = PBXFileReference; lastKnownFileType = file.xib; path = ChooseCategoryVC.xib; sourceTree = "<group>"; };
		D0184FBD21631FFA00C0138D /* CategoryTVC.swift */ = {isa = PBXFileReference; lastKnownFileType = sourcecode.swift; path = CategoryTVC.swift; sourceTree = "<group>"; };
		D0184FBE21631FFA00C0138D /* CategoryTVC.xib */ = {isa = PBXFileReference; lastKnownFileType = file.xib; path = CategoryTVC.xib; sourceTree = "<group>"; };
		D01F8FB7216A63CD009CA56E /* NotificationVC.swift */ = {isa = PBXFileReference; lastKnownFileType = sourcecode.swift; path = NotificationVC.swift; sourceTree = "<group>"; };
		D01F8FB8216A63CD009CA56E /* NotificationVC.xib */ = {isa = PBXFileReference; lastKnownFileType = file.xib; path = NotificationVC.xib; sourceTree = "<group>"; };
		D01F8FBC216A6B51009CA56E /* NotificationsTVC.swift */ = {isa = PBXFileReference; lastKnownFileType = sourcecode.swift; path = NotificationsTVC.swift; sourceTree = "<group>"; };
		D01F8FBD216A6B51009CA56E /* NotificationsTVC.xib */ = {isa = PBXFileReference; lastKnownFileType = file.xib; path = NotificationsTVC.xib; sourceTree = "<group>"; };
		D02192CA215FDCD10092D506 /* BaseViewController.swift */ = {isa = PBXFileReference; fileEncoding = 4; lastKnownFileType = sourcecode.swift; path = BaseViewController.swift; sourceTree = "<group>"; };
		D02192CC215FDCD10092D506 /* OTPVC.swift */ = {isa = PBXFileReference; fileEncoding = 4; lastKnownFileType = sourcecode.swift; path = OTPVC.swift; sourceTree = "<group>"; };
		D02192CD215FDCD10092D506 /* RegisterVC.swift */ = {isa = PBXFileReference; fileEncoding = 4; lastKnownFileType = sourcecode.swift; path = RegisterVC.swift; sourceTree = "<group>"; };
		D02192CE215FDCD10092D506 /* DashboardVC.swift */ = {isa = PBXFileReference; fileEncoding = 4; lastKnownFileType = sourcecode.swift; path = DashboardVC.swift; sourceTree = "<group>"; };
		D02192D4215FDF940092D506 /* Roboto-Regular.ttf */ = {isa = PBXFileReference; lastKnownFileType = file; path = "Roboto-Regular.ttf"; sourceTree = "<group>"; };
		D02192D5215FDF940092D506 /* Roboto-Bold.ttf */ = {isa = PBXFileReference; lastKnownFileType = file; path = "Roboto-Bold.ttf"; sourceTree = "<group>"; };
		D02192DB215FE0430092D506 /* en */ = {isa = PBXFileReference; lastKnownFileType = text.plist.strings; name = en; path = en.lproj/Localizable.strings; sourceTree = "<group>"; };
		D02192DD215FE0A80092D506 /* ar */ = {isa = PBXFileReference; lastKnownFileType = text.plist.strings; name = ar; path = ar.lproj/Main.strings; sourceTree = "<group>"; };
		D02192DE215FE0A80092D506 /* ar */ = {isa = PBXFileReference; lastKnownFileType = text.plist.strings; name = ar; path = ar.lproj/LaunchScreen.strings; sourceTree = "<group>"; };
		D02192DF215FE0A80092D506 /* ar */ = {isa = PBXFileReference; lastKnownFileType = text.plist.strings; name = ar; path = ar.lproj/Localizable.strings; sourceTree = "<group>"; };
		D02192E0215FE0C00092D506 /* Base */ = {isa = PBXFileReference; lastKnownFileType = text.plist.strings; name = Base; path = Base.lproj/Localizable.strings; sourceTree = "<group>"; };
		D02192E5215FE1390092D506 /* WalkThroughCVC.xib */ = {isa = PBXFileReference; fileEncoding = 4; lastKnownFileType = file.xib; path = WalkThroughCVC.xib; sourceTree = "<group>"; };
		D02192E6215FE1390092D506 /* WalkThroughCVC.swift */ = {isa = PBXFileReference; fileEncoding = 4; lastKnownFileType = sourcecode.swift; path = WalkThroughCVC.swift; sourceTree = "<group>"; };
		D02192E7215FE1390092D506 /* WalkThroughVC.swift */ = {isa = PBXFileReference; fileEncoding = 4; lastKnownFileType = sourcecode.swift; path = WalkThroughVC.swift; sourceTree = "<group>"; };
		D02192E8215FE1390092D506 /* WalkThroughVC.xib */ = {isa = PBXFileReference; fileEncoding = 4; lastKnownFileType = file.xib; path = WalkThroughVC.xib; sourceTree = "<group>"; };
		D02192EA215FE1390092D506 /* LoginViewController.xib */ = {isa = PBXFileReference; fileEncoding = 4; lastKnownFileType = file.xib; path = LoginViewController.xib; sourceTree = "<group>"; };
		D02192EB215FE1390092D506 /* LoginViewController.swift */ = {isa = PBXFileReference; fileEncoding = 4; lastKnownFileType = sourcecode.swift; path = LoginViewController.swift; sourceTree = "<group>"; };
		D02192F3215FE1E40092D506 /* Qoot-Bridging-Header.h */ = {isa = PBXFileReference; fileEncoding = 4; lastKnownFileType = sourcecode.c.h; path = "Qoot-Bridging-Header.h"; sourceTree = "<group>"; };
		D02192F5215FE1E40092D506 /* CLBaseService.swift */ = {isa = PBXFileReference; fileEncoding = 4; lastKnownFileType = sourcecode.swift; path = CLBaseService.swift; sourceTree = "<group>"; };
		D02192F6215FE1E40092D506 /* CLNetworkManager.swift */ = {isa = PBXFileReference; fileEncoding = 4; lastKnownFileType = sourcecode.swift; path = CLNetworkManager.swift; sourceTree = "<group>"; };
		D02192F7215FE1E40092D506 /* CLNetworkModel.swift */ = {isa = PBXFileReference; fileEncoding = 4; lastKnownFileType = sourcecode.swift; path = CLNetworkModel.swift; sourceTree = "<group>"; };
		D02192F8215FE1E40092D506 /* CLNetworkUtility.swift */ = {isa = PBXFileReference; fileEncoding = 4; lastKnownFileType = sourcecode.swift; path = CLNetworkUtility.swift; sourceTree = "<group>"; };
		D02192FA215FE1E40092D506 /* Reachability.m */ = {isa = PBXFileReference; fileEncoding = 4; lastKnownFileType = sourcecode.c.objc; path = Reachability.m; sourceTree = "<group>"; };
		D02192FB215FE1E40092D506 /* Reachability.h */ = {isa = PBXFileReference; fileEncoding = 4; lastKnownFileType = sourcecode.c.h; path = Reachability.h; sourceTree = "<group>"; };
		D02192FD215FE1E40092D506 /* UIColorExtension.swift */ = {isa = PBXFileReference; fileEncoding = 4; lastKnownFileType = sourcecode.swift; path = UIColorExtension.swift; sourceTree = "<group>"; };
		D02192FE215FE1E40092D506 /* StringExtensions.swift */ = {isa = PBXFileReference; fileEncoding = 4; lastKnownFileType = sourcecode.swift; path = StringExtensions.swift; sourceTree = "<group>"; };
		D02192FF215FE1E40092D506 /* UIViewExtensions.swift */ = {isa = PBXFileReference; fileEncoding = 4; lastKnownFileType = sourcecode.swift; path = UIViewExtensions.swift; sourceTree = "<group>"; };
		D0219300215FE1E40092D506 /* UIImageViewExtensions.swift */ = {isa = PBXFileReference; fileEncoding = 4; lastKnownFileType = sourcecode.swift; path = UIImageViewExtensions.swift; sourceTree = "<group>"; };
		D0219303215FE1E50092D506 /* ApplicationController.swift */ = {isa = PBXFileReference; fileEncoding = 4; lastKnownFileType = sourcecode.swift; path = ApplicationController.swift; sourceTree = "<group>"; };
		D0219305215FE1E50092D506 /* LanguageManger.swift */ = {isa = PBXFileReference; fileEncoding = 4; lastKnownFileType = sourcecode.swift; path = LanguageManger.swift; sourceTree = "<group>"; };
		D0219306215FE1E50092D506 /* ExSlideMenuController.swift */ = {isa = PBXFileReference; fileEncoding = 4; lastKnownFileType = sourcecode.swift; path = ExSlideMenuController.swift; sourceTree = "<group>"; };
		D0219308215FE1E50092D506 /* FetchApiUrls.swift */ = {isa = PBXFileReference; fileEncoding = 4; lastKnownFileType = sourcecode.swift; path = FetchApiUrls.swift; sourceTree = "<group>"; };
		D0219309215FE1E50092D506 /* UserManager.swift */ = {isa = PBXFileReference; fileEncoding = 4; lastKnownFileType = sourcecode.swift; path = UserManager.swift; sourceTree = "<group>"; };
		D021930A215FE1E50092D506 /* CartManager.swift */ = {isa = PBXFileReference; fileEncoding = 4; lastKnownFileType = sourcecode.swift; path = CartManager.swift; sourceTree = "<group>"; };
		D021930D215FE1E60092D506 /* CCUtility.swift */ = {isa = PBXFileReference; fileEncoding = 4; lastKnownFileType = sourcecode.swift; path = CCUtility.swift; sourceTree = "<group>"; };
		D021930F215FE1E60092D506 /* L012Localizer.swift */ = {isa = PBXFileReference; fileEncoding = 4; lastKnownFileType = sourcecode.swift; path = L012Localizer.swift; sourceTree = "<group>"; };
		D0219310215FE1E60092D506 /* L102Language.swift */ = {isa = PBXFileReference; fileEncoding = 4; lastKnownFileType = sourcecode.swift; path = L102Language.swift; sourceTree = "<group>"; };
		D0219312215FE1E60092D506 /* Constants.swift */ = {isa = PBXFileReference; fileEncoding = 4; lastKnownFileType = sourcecode.swift; path = Constants.swift; sourceTree = "<group>"; };
		D0219314215FE1E60092D506 /* CoreDataHandler.swift */ = {isa = PBXFileReference; fileEncoding = 4; lastKnownFileType = sourcecode.swift; path = CoreDataHandler.swift; sourceTree = "<group>"; };
		D021932B215FE4FD0092D506 /* LanguageVC.swift */ = {isa = PBXFileReference; fileEncoding = 4; lastKnownFileType = sourcecode.swift; path = LanguageVC.swift; sourceTree = "<group>"; };
		D021932C215FE4FD0092D506 /* LanguageVC.xib */ = {isa = PBXFileReference; fileEncoding = 4; lastKnownFileType = file.xib; path = LanguageVC.xib; sourceTree = "<group>"; };
		D0219330215FE5D30092D506 /* User.swift */ = {isa = PBXFileReference; fileEncoding = 4; lastKnownFileType = sourcecode.swift; path = User.swift; sourceTree = "<group>"; };
		D0219333215FE6120092D506 /* Qoot.xcdatamodel */ = {isa = PBXFileReference; lastKnownFileType = wrapper.xcdatamodel; path = Qoot.xcdatamodel; sourceTree = "<group>"; };
		D0219337215FE8CF0092D506 /* ManuTVC.xib */ = {isa = PBXFileReference; fileEncoding = 4; lastKnownFileType = file.xib; path = ManuTVC.xib; sourceTree = "<group>"; };
		D0219338215FE8CF0092D506 /* ManuTVC.swift */ = {isa = PBXFileReference; fileEncoding = 4; lastKnownFileType = sourcecode.swift; path = ManuTVC.swift; sourceTree = "<group>"; };
		D0219339215FE8CF0092D506 /* MenuVC.xib */ = {isa = PBXFileReference; fileEncoding = 4; lastKnownFileType = file.xib; path = MenuVC.xib; sourceTree = "<group>"; };
		D021933A215FE8CF0092D506 /* MenuVC.swift */ = {isa = PBXFileReference; fileEncoding = 4; lastKnownFileType = sourcecode.swift; path = MenuVC.swift; sourceTree = "<group>"; };
		D0258FBC215C8DC20081CB0E /* Qoot_Restaurant.app */ = {isa = PBXFileReference; explicitFileType = wrapper.application; includeInIndex = 0; path = Qoot_Restaurant.app; sourceTree = BUILT_PRODUCTS_DIR; };
		D0258FBF215C8DC20081CB0E /* AppDelegate.swift */ = {isa = PBXFileReference; lastKnownFileType = sourcecode.swift; path = AppDelegate.swift; sourceTree = "<group>"; };
		D0258FC4215C8DC20081CB0E /* Base */ = {isa = PBXFileReference; lastKnownFileType = file.storyboard; name = Base; path = Base.lproj/Main.storyboard; sourceTree = "<group>"; };
		D0258FC6215C8DC60081CB0E /* Assets.xcassets */ = {isa = PBXFileReference; lastKnownFileType = folder.assetcatalog; path = Assets.xcassets; sourceTree = "<group>"; };
		D0258FC9215C8DC60081CB0E /* Base */ = {isa = PBXFileReference; lastKnownFileType = file.storyboard; name = Base; path = Base.lproj/LaunchScreen.storyboard; sourceTree = "<group>"; };
		D0258FCB215C8DC60081CB0E /* Info.plist */ = {isa = PBXFileReference; lastKnownFileType = text.plist.xml; path = Info.plist; sourceTree = "<group>"; };
		D03015622160566900EFC88E /* HomeVC.swift */ = {isa = PBXFileReference; lastKnownFileType = sourcecode.swift; path = HomeVC.swift; sourceTree = "<group>"; };
		D03015632160566900EFC88E /* HomeVC.xib */ = {isa = PBXFileReference; lastKnownFileType = file.xib; path = HomeVC.xib; sourceTree = "<group>"; };
		D03015672161A36F00EFC88E /* HomeCVC.swift */ = {isa = PBXFileReference; lastKnownFileType = sourcecode.swift; path = HomeCVC.swift; sourceTree = "<group>"; };
		D03015682161A36F00EFC88E /* HomeCVC.xib */ = {isa = PBXFileReference; lastKnownFileType = file.xib; path = HomeCVC.xib; sourceTree = "<group>"; };
		D0F262BA220B3EC200A86BAC /* ForgotPasswordOTPVC.swift */ = {isa = PBXFileReference; fileEncoding = 4; lastKnownFileType = sourcecode.swift; path = ForgotPasswordOTPVC.swift; sourceTree = "<group>"; };
		D0F262BB220B3EC200A86BAC /* ForgotPasswordOTPVC.xib */ = {isa = PBXFileReference; fileEncoding = 4; lastKnownFileType = file.xib; path = ForgotPasswordOTPVC.xib; sourceTree = "<group>"; };
		D0F262BD220B3EC300A86BAC /* ForgotPasswordVC.swift */ = {isa = PBXFileReference; fileEncoding = 4; lastKnownFileType = sourcecode.swift; path = ForgotPasswordVC.swift; sourceTree = "<group>"; };
		D0F262BE220B3EC300A86BAC /* ForgotPasswordVC.xib */ = {isa = PBXFileReference; fileEncoding = 4; lastKnownFileType = file.xib; path = ForgotPasswordVC.xib; sourceTree = "<group>"; };
		D0F262C0220B3EC300A86BAC /* ResetPasswordVC.swift */ = {isa = PBXFileReference; fileEncoding = 4; lastKnownFileType = sourcecode.swift; path = ResetPasswordVC.swift; sourceTree = "<group>"; };
		D0F262C1220B3EC300A86BAC /* ResetPasswordVC.xib */ = {isa = PBXFileReference; fileEncoding = 4; lastKnownFileType = file.xib; path = ResetPasswordVC.xib; sourceTree = "<group>"; };
		D0F370A4221DC37600D2D0C5 /* WalletVC.swift */ = {isa = PBXFileReference; lastKnownFileType = sourcecode.swift; path = WalletVC.swift; sourceTree = "<group>"; };
		D0F370A5221DC37600D2D0C5 /* WalletVC.xib */ = {isa = PBXFileReference; lastKnownFileType = file.xib; path = WalletVC.xib; sourceTree = "<group>"; };
		D0FC95E722277FCD008F8C0F /* AllOrdersVC.swift */ = {isa = PBXFileReference; lastKnownFileType = sourcecode.swift; path = AllOrdersVC.swift; sourceTree = "<group>"; };
		D0FC95E822277FCD008F8C0F /* AllOrdersVC.xib */ = {isa = PBXFileReference; lastKnownFileType = file.xib; path = AllOrdersVC.xib; sourceTree = "<group>"; };
		FF65D1040125C484C7CB61A3 /* Pods-Qoot_Restaurant.release.xcconfig */ = {isa = PBXFileReference; includeInIndex = 1; lastKnownFileType = text.xcconfig; name = "Pods-Qoot_Restaurant.release.xcconfig"; path = "Pods/Target Support Files/Pods-Qoot_Restaurant/Pods-Qoot_Restaurant.release.xcconfig"; sourceTree = "<group>"; };
/* End PBXFileReference section */

/* Begin PBXFrameworksBuildPhase section */
		D0258FB9215C8DC20081CB0E /* Frameworks */ = {
			isa = PBXFrameworksBuildPhase;
			buildActionMask = 2147483647;
			files = (
				8BFD19648A4A1AB8A13CD388 /* Pods_Qoot_Restaurant.framework in Frameworks */,
			);
			runOnlyForDeploymentPostprocessing = 0;
		};
/* End PBXFrameworksBuildPhase section */

/* Begin PBXGroup section */
		8347FE49A7921E4CE8EB02CF /* Pods */ = {
			isa = PBXGroup;
			children = (
				976F4DF30AE2138772928101 /* Pods-Qoot_Restaurant.debug.xcconfig */,
				FF65D1040125C484C7CB61A3 /* Pods-Qoot_Restaurant.release.xcconfig */,
			);
			name = Pods;
			sourceTree = "<group>";
		};
		D00254B8216D8B5200BD619B /* SetSchedule */ = {
			isa = PBXGroup;
			children = (
				D00254B9216D8B5200BD619B /* Controller */,
				D00254BC216D8B5200BD619B /* Model */,
				D00254BE216D8B5200BD619B /* View */,
			);
			path = SetSchedule;
			sourceTree = "<group>";
		};
		D00254B9216D8B5200BD619B /* Controller */ = {
			isa = PBXGroup;
			children = (
				D00254BA216D8B5200BD619B /* CLScheduleViewController.xib */,
				D00254BB216D8B5200BD619B /* CLScheduleViewController.swift */,
			);
			path = Controller;
			sourceTree = "<group>";
		};
		D00254BC216D8B5200BD619B /* Model */ = {
			isa = PBXGroup;
			children = (
				D00254BD216D8B5200BD619B /* CLTimeSlotsModel.swift */,
			);
			path = Model;
			sourceTree = "<group>";
		};
		D00254BE216D8B5200BD619B /* View */ = {
			isa = PBXGroup;
			children = (
				D00254BF216D8B5200BD619B /* Calandar */,
				D00254C5216D8B5200BD619B /* TimeSlotCell */,
				D00254C8216D8B5200BD619B /* WeekCell */,
			);
			path = View;
			sourceTree = "<group>";
		};
		D00254BF216D8B5200BD619B /* Calandar */ = {
			isa = PBXGroup;
			children = (
				D00254C0216D8B5200BD619B /* CLCalanderTableViewCell.swift */,
				D00254C1216D8B5200BD619B /* CLCalanderTableViewCell.xib */,
			);
			path = Calandar;
			sourceTree = "<group>";
		};
		D00254C5216D8B5200BD619B /* TimeSlotCell */ = {
			isa = PBXGroup;
			children = (
				D00254C6216D8B5200BD619B /* CLTimeSlotCollectionCell.xib */,
				D00254C7216D8B5200BD619B /* CLTimeSlotCollectionCell.swift */,
			);
			path = TimeSlotCell;
			sourceTree = "<group>";
		};
		D00254C8216D8B5200BD619B /* WeekCell */ = {
			isa = PBXGroup;
			children = (
				D00254C9216D8B5200BD619B /* CLWeekCollectionCell.swift */,
				D00254CA216D8B5200BD619B /* CLWeekCollectionCell.xib */,
			);
			path = WeekCell;
			sourceTree = "<group>";
		};
		D0027B9222107F2D0044325E /* SettingsVC */ = {
			isa = PBXGroup;
			children = (
				D0027B9322107F2D0044325E /* SettingsVC.xib */,
				D0027B9422107F2D0044325E /* SettingsVC.swift */,
			);
			path = SettingsVC;
			sourceTree = "<group>";
		};
		D0045FF22165A6840006F12E /* KeywordCell */ = {
			isa = PBXGroup;
			children = (
				D0045FF32165A6840006F12E /* CLKeyWordCollectionViewCell.swift */,
				D0045FF42165A6840006F12E /* CLKeyWordCollectionViewCell.xib */,
			);
			path = KeywordCell;
			sourceTree = "<group>";
		};
		D0184FB22163044500C0138D /* AddNewDish */ = {
			isa = PBXGroup;
			children = (
				D0045FF22165A6840006F12E /* KeywordCell */,
				D0184FB32163059000C0138D /* AddNewDishVC.swift */,
				D0184FB42163059000C0138D /* AddNewDishVC.xib */,
			);
			path = AddNewDish;
			sourceTree = "<group>";
		};
		D0184FB721631E4000C0138D /* ChooseCategoryVC */ = {
			isa = PBXGroup;
			children = (
				D0184FBC21631FE500C0138D /* CategoryTVC */,
				D0184FB821631E6800C0138D /* ChooseCategoryVC.swift */,
				D0184FB921631E6800C0138D /* ChooseCategoryVC.xib */,
			);
			path = ChooseCategoryVC;
			sourceTree = "<group>";
		};
		D0184FBC21631FE500C0138D /* CategoryTVC */ = {
			isa = PBXGroup;
			children = (
				D0184FBD21631FFA00C0138D /* CategoryTVC.swift */,
				D0184FBE21631FFA00C0138D /* CategoryTVC.xib */,
			);
			path = CategoryTVC;
			sourceTree = "<group>";
		};
		D01F8FB6216A63A0009CA56E /* NotificationVC */ = {
			isa = PBXGroup;
			children = (
				D01F8FBB216A6B37009CA56E /* NotificationTVC */,
				D01F8FB7216A63CD009CA56E /* NotificationVC.swift */,
				D01F8FB8216A63CD009CA56E /* NotificationVC.xib */,
			);
			path = NotificationVC;
			sourceTree = "<group>";
		};
		D01F8FBB216A6B37009CA56E /* NotificationTVC */ = {
			isa = PBXGroup;
			children = (
				D01F8FBC216A6B51009CA56E /* NotificationsTVC.swift */,
				D01F8FBD216A6B51009CA56E /* NotificationsTVC.xib */,
			);
			path = NotificationTVC;
			sourceTree = "<group>";
		};
		D02192C4215FDCA40092D506 /* Library */ = {
			isa = PBXGroup;
			children = (
			);
			path = Library;
			sourceTree = "<group>";
		};
		D02192C5215FDCA50092D506 /* Resources */ = {
			isa = PBXGroup;
			children = (
				D02192D3215FDF940092D506 /* Fonts */,
				D02192DC215FE0430092D506 /* Localizable.strings */,
			);
			path = Resources;
			sourceTree = "<group>";
		};
		D02192C6215FDCA50092D506 /* Model */ = {
			isa = PBXGroup;
			children = (
				D021932F215FE5D30092D506 /* User */,
				D0219332215FE6120092D506 /* Qoot.xcdatamodeld */,
			);
			path = Model;
			sourceTree = "<group>";
		};
		D02192C7215FDCA50092D506 /* Modules */ = {
			isa = PBXGroup;
			children = (
				D02192E1215FE1390092D506 /* App */,
				D02192C9215FDCD10092D506 /* Base */,
				D02192CB215FDCD10092D506 /* UserManagement */,
			);
			path = Modules;
			sourceTree = "<group>";
		};
		D02192C8215FDCA50092D506 /* Helper */ = {
			isa = PBXGroup;
			children = (
				D0219307215FE1E50092D506 /* ApiManagers */,
				D0219302215FE1E50092D506 /* ApplicationController */,
				D02192F4215FE1E40092D506 /* BaseNetworkManager */,
				D02192F2215FE1E40092D506 /* BridgingHeader */,
				D0219311215FE1E60092D506 /* Constants */,
				D0219313215FE1E60092D506 /* CoreDataHandler */,
				D0219306215FE1E50092D506 /* ExSlideMenuController.swift */,
				D02192FC215FE1E40092D506 /* Extensions */,
				D0219301215FE1E50092D506 /* Languages */,
				D0219304215FE1E50092D506 /* LanugaeManager */,
				D021930E215FE1E60092D506 /* Localisation */,
				D021930C215FE1E60092D506 /* Utility */,
			);
			path = Helper;
			sourceTree = "<group>";
		};
		D02192C9215FDCD10092D506 /* Base */ = {
			isa = PBXGroup;
			children = (
				D02192CA215FDCD10092D506 /* BaseViewController.swift */,
			);
			path = Base;
			sourceTree = "<group>";
		};
		D02192CB215FDCD10092D506 /* UserManagement */ = {
			isa = PBXGroup;
			children = (
				D0F262B9220B3EC200A86BAC /* ForgotPasswordOTPVC */,
				D0F262BC220B3EC300A86BAC /* ForgotPasswordVC */,
				D0F262BF220B3EC300A86BAC /* ResetPassordVC */,
				D02192CC215FDCD10092D506 /* OTPVC.swift */,
				D02192CD215FDCD10092D506 /* RegisterVC.swift */,
				D02192CE215FDCD10092D506 /* DashboardVC.swift */,
			);
			path = UserManagement;
			sourceTree = "<group>";
		};
		D02192D3215FDF940092D506 /* Fonts */ = {
			isa = PBXGroup;
			children = (
				D02192D4215FDF940092D506 /* Roboto-Regular.ttf */,
				D02192D5215FDF940092D506 /* Roboto-Bold.ttf */,
			);
			path = Fonts;
			sourceTree = "<group>";
		};
		D02192E1215FE1390092D506 /* App */ = {
			isa = PBXGroup;
			children = (
				D02192E2215FE1390092D506 /* ViewControllers */,
			);
			path = App;
			sourceTree = "<group>";
		};
		D02192E2215FE1390092D506 /* ViewControllers */ = {
			isa = PBXGroup;
			children = (
				D0FC95E622277F95008F8C0F /* AllOrdersVC */,
				D0F3709E221DC32A00D2D0C5 /* WalletVC */,
				D0027B9222107F2D0044325E /* SettingsVC */,
				D00254B8216D8B5200BD619B /* SetSchedule */,
				D01F8FB6216A63A0009CA56E /* NotificationVC */,
				D0184FB721631E4000C0138D /* ChooseCategoryVC */,
				D0184FB22163044500C0138D /* AddNewDish */,
				D0301561216055FB00EFC88E /* HomeVC */,
				D0219335215FE8CF0092D506 /* MenuVC */,
				D021932A215FE4FD0092D506 /* LanguageVC */,
				D02192E3215FE1390092D506 /* WalkThroughVC */,
				D02192E9215FE1390092D506 /* Login */,
			);
			path = ViewControllers;
			sourceTree = "<group>";
		};
		D02192E3215FE1390092D506 /* WalkThroughVC */ = {
			isa = PBXGroup;
			children = (
				D02192E4215FE1390092D506 /* WalkThroughCell */,
				D02192E7215FE1390092D506 /* WalkThroughVC.swift */,
				D02192E8215FE1390092D506 /* WalkThroughVC.xib */,
			);
			path = WalkThroughVC;
			sourceTree = "<group>";
		};
		D02192E4215FE1390092D506 /* WalkThroughCell */ = {
			isa = PBXGroup;
			children = (
				D02192E5215FE1390092D506 /* WalkThroughCVC.xib */,
				D02192E6215FE1390092D506 /* WalkThroughCVC.swift */,
			);
			path = WalkThroughCell;
			sourceTree = "<group>";
		};
		D02192E9215FE1390092D506 /* Login */ = {
			isa = PBXGroup;
			children = (
				D02192EA215FE1390092D506 /* LoginViewController.xib */,
				D02192EB215FE1390092D506 /* LoginViewController.swift */,
			);
			path = Login;
			sourceTree = "<group>";
		};
		D02192F2215FE1E40092D506 /* BridgingHeader */ = {
			isa = PBXGroup;
			children = (
				D02192F3215FE1E40092D506 /* Qoot-Bridging-Header.h */,
			);
			path = BridgingHeader;
			sourceTree = "<group>";
		};
		D02192F4215FE1E40092D506 /* BaseNetworkManager */ = {
			isa = PBXGroup;
			children = (
				D02192F5215FE1E40092D506 /* CLBaseService.swift */,
				D02192F6215FE1E40092D506 /* CLNetworkManager.swift */,
				D02192F7215FE1E40092D506 /* CLNetworkModel.swift */,
				D02192F8215FE1E40092D506 /* CLNetworkUtility.swift */,
				D02192F9215FE1E40092D506 /* Reachability */,
			);
			path = BaseNetworkManager;
			sourceTree = "<group>";
		};
		D02192F9215FE1E40092D506 /* Reachability */ = {
			isa = PBXGroup;
			children = (
				D02192FA215FE1E40092D506 /* Reachability.m */,
				D02192FB215FE1E40092D506 /* Reachability.h */,
			);
			path = Reachability;
			sourceTree = "<group>";
		};
		D02192FC215FE1E40092D506 /* Extensions */ = {
			isa = PBXGroup;
			children = (
				D02192FD215FE1E40092D506 /* UIColorExtension.swift */,
				D02192FE215FE1E40092D506 /* StringExtensions.swift */,
				D02192FF215FE1E40092D506 /* UIViewExtensions.swift */,
				D0219300215FE1E40092D506 /* UIImageViewExtensions.swift */,
			);
			path = Extensions;
			sourceTree = "<group>";
		};
		D0219301215FE1E50092D506 /* Languages */ = {
			isa = PBXGroup;
			children = (
			);
			path = Languages;
			sourceTree = "<group>";
		};
		D0219302215FE1E50092D506 /* ApplicationController */ = {
			isa = PBXGroup;
			children = (
				D0219303215FE1E50092D506 /* ApplicationController.swift */,
			);
			path = ApplicationController;
			sourceTree = "<group>";
		};
		D0219304215FE1E50092D506 /* LanugaeManager */ = {
			isa = PBXGroup;
			children = (
				D0219305215FE1E50092D506 /* LanguageManger.swift */,
			);
			path = LanugaeManager;
			sourceTree = "<group>";
		};
		D0219307215FE1E50092D506 /* ApiManagers */ = {
			isa = PBXGroup;
			children = (
				D0219308215FE1E50092D506 /* FetchApiUrls.swift */,
				D0219309215FE1E50092D506 /* UserManager.swift */,
				D021930A215FE1E50092D506 /* CartManager.swift */,
			);
			path = ApiManagers;
			sourceTree = "<group>";
		};
		D021930C215FE1E60092D506 /* Utility */ = {
			isa = PBXGroup;
			children = (
				D021930D215FE1E60092D506 /* CCUtility.swift */,
			);
			path = Utility;
			sourceTree = "<group>";
		};
		D021930E215FE1E60092D506 /* Localisation */ = {
			isa = PBXGroup;
			children = (
				D021930F215FE1E60092D506 /* L012Localizer.swift */,
				D0219310215FE1E60092D506 /* L102Language.swift */,
			);
			path = Localisation;
			sourceTree = "<group>";
		};
		D0219311215FE1E60092D506 /* Constants */ = {
			isa = PBXGroup;
			children = (
				D0219312215FE1E60092D506 /* Constants.swift */,
			);
			path = Constants;
			sourceTree = "<group>";
		};
		D0219313215FE1E60092D506 /* CoreDataHandler */ = {
			isa = PBXGroup;
			children = (
				D0219314215FE1E60092D506 /* CoreDataHandler.swift */,
			);
			path = CoreDataHandler;
			sourceTree = "<group>";
		};
		D021932A215FE4FD0092D506 /* LanguageVC */ = {
			isa = PBXGroup;
			children = (
				D021932B215FE4FD0092D506 /* LanguageVC.swift */,
				D021932C215FE4FD0092D506 /* LanguageVC.xib */,
			);
			path = LanguageVC;
			sourceTree = "<group>";
		};
		D021932F215FE5D30092D506 /* User */ = {
			isa = PBXGroup;
			children = (
				D0219330215FE5D30092D506 /* User.swift */,
			);
			path = User;
			sourceTree = "<group>";
		};
		D0219335215FE8CF0092D506 /* MenuVC */ = {
			isa = PBXGroup;
			children = (
				D0219336215FE8CF0092D506 /* MenuTVC */,
				D0219339215FE8CF0092D506 /* MenuVC.xib */,
				D021933A215FE8CF0092D506 /* MenuVC.swift */,
			);
			path = MenuVC;
			sourceTree = "<group>";
		};
		D0219336215FE8CF0092D506 /* MenuTVC */ = {
			isa = PBXGroup;
			children = (
				D0219337215FE8CF0092D506 /* ManuTVC.xib */,
				D0219338215FE8CF0092D506 /* ManuTVC.swift */,
			);
			path = MenuTVC;
			sourceTree = "<group>";
		};
		D0258FB3215C8DC20081CB0E = {
			isa = PBXGroup;
			children = (
				D0258FBE215C8DC20081CB0E /* Qoot_Restaurant */,
				D0258FBD215C8DC20081CB0E /* Products */,
				8347FE49A7921E4CE8EB02CF /* Pods */,
				DF3F185BEC2DAD6182953F9E /* Frameworks */,
			);
			sourceTree = "<group>";
		};
		D0258FBD215C8DC20081CB0E /* Products */ = {
			isa = PBXGroup;
			children = (
				D0258FBC215C8DC20081CB0E /* Qoot_Restaurant.app */,
			);
			name = Products;
			sourceTree = "<group>";
		};
		D0258FBE215C8DC20081CB0E /* Qoot_Restaurant */ = {
			isa = PBXGroup;
			children = (
				D02192C8215FDCA50092D506 /* Helper */,
				D02192C4215FDCA40092D506 /* Library */,
				D02192C6215FDCA50092D506 /* Model */,
				D02192C7215FDCA50092D506 /* Modules */,
				D02192C5215FDCA50092D506 /* Resources */,
				D0258FBF215C8DC20081CB0E /* AppDelegate.swift */,
				D0258FC3215C8DC20081CB0E /* Main.storyboard */,
				D0258FC6215C8DC60081CB0E /* Assets.xcassets */,
				D0258FC8215C8DC60081CB0E /* LaunchScreen.storyboard */,
				D0258FCB215C8DC60081CB0E /* Info.plist */,
			);
			path = Qoot_Restaurant;
			sourceTree = "<group>";
		};
		D0301561216055FB00EFC88E /* HomeVC */ = {
			isa = PBXGroup;
			children = (
				D03015662161A34400EFC88E /* HomeCell */,
				D03015622160566900EFC88E /* HomeVC.swift */,
				D03015632160566900EFC88E /* HomeVC.xib */,
			);
			path = HomeVC;
			sourceTree = "<group>";
		};
		D03015662161A34400EFC88E /* HomeCell */ = {
			isa = PBXGroup;
			children = (
				D03015672161A36F00EFC88E /* HomeCVC.swift */,
				D03015682161A36F00EFC88E /* HomeCVC.xib */,
			);
			path = HomeCell;
			sourceTree = "<group>";
		};
		D0F262B9220B3EC200A86BAC /* ForgotPasswordOTPVC */ = {
			isa = PBXGroup;
			children = (
				D0F262BA220B3EC200A86BAC /* ForgotPasswordOTPVC.swift */,
				D0F262BB220B3EC200A86BAC /* ForgotPasswordOTPVC.xib */,
			);
			path = ForgotPasswordOTPVC;
			sourceTree = "<group>";
		};
		D0F262BC220B3EC300A86BAC /* ForgotPasswordVC */ = {
			isa = PBXGroup;
			children = (
				D0F262BD220B3EC300A86BAC /* ForgotPasswordVC.swift */,
				D0F262BE220B3EC300A86BAC /* ForgotPasswordVC.xib */,
			);
			path = ForgotPasswordVC;
			sourceTree = "<group>";
		};
		D0F262BF220B3EC300A86BAC /* ResetPassordVC */ = {
			isa = PBXGroup;
			children = (
				D0F262C0220B3EC300A86BAC /* ResetPasswordVC.swift */,
				D0F262C1220B3EC300A86BAC /* ResetPasswordVC.xib */,
			);
			path = ResetPassordVC;
			sourceTree = "<group>";
		};
		D0F3709E221DC32A00D2D0C5 /* WalletVC */ = {
			isa = PBXGroup;
			children = (
				D0F370A4221DC37600D2D0C5 /* WalletVC.swift */,
				D0F370A5221DC37600D2D0C5 /* WalletVC.xib */,
			);
			path = WalletVC;
			sourceTree = "<group>";
		};
		D0FC95E622277F95008F8C0F /* AllOrdersVC */ = {
			isa = PBXGroup;
			children = (
				D0FC95E722277FCD008F8C0F /* AllOrdersVC.swift */,
				D0FC95E822277FCD008F8C0F /* AllOrdersVC.xib */,
			);
			path = AllOrdersVC;
			sourceTree = "<group>";
		};
		DF3F185BEC2DAD6182953F9E /* Frameworks */ = {
			isa = PBXGroup;
			children = (
				028B3948EC78D4D67B9B5401 /* Pods_Qoot_Restaurant.framework */,
			);
			name = Frameworks;
			sourceTree = "<group>";
		};
/* End PBXGroup section */

/* Begin PBXNativeTarget section */
		D0258FBB215C8DC20081CB0E /* Qoot_Restaurant */ = {
			isa = PBXNativeTarget;
			buildConfigurationList = D0258FCE215C8DC60081CB0E /* Build configuration list for PBXNativeTarget "Qoot_Restaurant" */;
			buildPhases = (
				357F9CCE5AEC94D59B3B8AAF /* [CP] Check Pods Manifest.lock */,
				D0258FB8215C8DC20081CB0E /* Sources */,
				D0258FB9215C8DC20081CB0E /* Frameworks */,
				D0258FBA215C8DC20081CB0E /* Resources */,
				E0935970C2C890D95682DA06 /* [CP] Embed Pods Frameworks */,
				54DA7E286DF6AE4F05F7F17D /* [CP] Copy Pods Resources */,
			);
			buildRules = (
			);
			dependencies = (
			);
			name = Qoot_Restaurant;
			productName = Qoot_Restaurant;
			productReference = D0258FBC215C8DC20081CB0E /* Qoot_Restaurant.app */;
			productType = "com.apple.product-type.application";
		};
/* End PBXNativeTarget section */

/* Begin PBXProject section */
		D0258FB4215C8DC20081CB0E /* Project object */ = {
			isa = PBXProject;
			attributes = {
				LastSwiftUpdateCheck = 0930;
				LastUpgradeCheck = 0930;
				ORGANIZATIONNAME = Cl;
				TargetAttributes = {
					D0258FBB215C8DC20081CB0E = {
						CreatedOnToolsVersion = 9.3;
					};
				};
			};
			buildConfigurationList = D0258FB7215C8DC20081CB0E /* Build configuration list for PBXProject "Qoot_Restaurant" */;
			compatibilityVersion = "Xcode 9.3";
			developmentRegion = en;
			hasScannedForEncodings = 0;
			knownRegions = (
				en,
				Base,
				ar,
			);
			mainGroup = D0258FB3215C8DC20081CB0E;
			productRefGroup = D0258FBD215C8DC20081CB0E /* Products */;
			projectDirPath = "";
			projectRoot = "";
			targets = (
				D0258FBB215C8DC20081CB0E /* Qoot_Restaurant */,
			);
		};
/* End PBXProject section */

/* Begin PBXResourcesBuildPhase section */
		D0258FBA215C8DC20081CB0E /* Resources */ = {
			isa = PBXResourcesBuildPhase;
			buildActionMask = 2147483647;
			files = (
				D0184FC021631FFA00C0138D /* CategoryTVC.xib in Resources */,
				D0045FF62165A6840006F12E /* CLKeyWordCollectionViewCell.xib in Resources */,
				D0258FCA215C8DC60081CB0E /* LaunchScreen.storyboard in Resources */,
				D02192EC215FE1390092D506 /* WalkThroughCVC.xib in Resources */,
				D00254CD216D8B5200BD619B /* CLScheduleViewController.xib in Resources */,
				D0F262C7220B3EC300A86BAC /* ResetPasswordVC.xib in Resources */,
				D03015652160566900EFC88E /* HomeVC.xib in Resources */,
				D02192DA215FE0430092D506 /* Localizable.strings in Resources */,
				D02192EF215FE1390092D506 /* WalkThroughVC.xib in Resources */,
				D0258FC7215C8DC60081CB0E /* Assets.xcassets in Resources */,
				D02192D7215FDF940092D506 /* Roboto-Bold.ttf in Resources */,
				D021933B215FE8D00092D506 /* ManuTVC.xib in Resources */,
				D021932E215FE4FD0092D506 /* LanguageVC.xib in Resources */,
				D0F370A7221DC37600D2D0C5 /* WalletVC.xib in Resources */,
				D030156A2161A36F00EFC88E /* HomeCVC.xib in Resources */,
				D0FC95EA22277FCD008F8C0F /* AllOrdersVC.xib in Resources */,
				D02192D6215FDF940092D506 /* Roboto-Regular.ttf in Resources */,
				D00254D7216D8B5200BD619B /* CLWeekCollectionCell.xib in Resources */,
				D00254D1216D8B5200BD619B /* CLCalanderTableViewCell.xib in Resources */,
				D0184FB62163059000C0138D /* AddNewDishVC.xib in Resources */,
				D00254D4216D8B5200BD619B /* CLTimeSlotCollectionCell.xib in Resources */,
				D0F262C5220B3EC300A86BAC /* ForgotPasswordVC.xib in Resources */,
				D021933D215FE8D00092D506 /* MenuVC.xib in Resources */,
				D0184FBB21631E6800C0138D /* ChooseCategoryVC.xib in Resources */,
				D01F8FBF216A6B51009CA56E /* NotificationsTVC.xib in Resources */,
				D0F262C3220B3EC300A86BAC /* ForgotPasswordOTPVC.xib in Resources */,
				D0258FC5215C8DC20081CB0E /* Main.storyboard in Resources */,
				D0027B9522107F2D0044325E /* SettingsVC.xib in Resources */,
				D01F8FBA216A63CD009CA56E /* NotificationVC.xib in Resources */,
				D02192F0215FE1390092D506 /* LoginViewController.xib in Resources */,
			);
			runOnlyForDeploymentPostprocessing = 0;
		};
/* End PBXResourcesBuildPhase section */

/* Begin PBXShellScriptBuildPhase section */
		357F9CCE5AEC94D59B3B8AAF /* [CP] Check Pods Manifest.lock */ = {
			isa = PBXShellScriptBuildPhase;
			buildActionMask = 2147483647;
			files = (
			);
			inputPaths = (
				"${PODS_PODFILE_DIR_PATH}/Podfile.lock",
				"${PODS_ROOT}/Manifest.lock",
			);
			name = "[CP] Check Pods Manifest.lock";
			outputPaths = (
				"$(DERIVED_FILE_DIR)/Pods-Qoot_Restaurant-checkManifestLockResult.txt",
			);
			runOnlyForDeploymentPostprocessing = 0;
			shellPath = /bin/sh;
			shellScript = "diff \"${PODS_PODFILE_DIR_PATH}/Podfile.lock\" \"${PODS_ROOT}/Manifest.lock\" > /dev/null\nif [ $? != 0 ] ; then\n    # print error to STDERR\n    echo \"error: The sandbox is not in sync with the Podfile.lock. Run 'pod install' or update your CocoaPods installation.\" >&2\n    exit 1\nfi\n# This output is used by Xcode 'outputs' to avoid re-running this script phase.\necho \"SUCCESS\" > \"${SCRIPT_OUTPUT_FILE_0}\"\n";
			showEnvVarsInLog = 0;
		};
		54DA7E286DF6AE4F05F7F17D /* [CP] Copy Pods Resources */ = {
			isa = PBXShellScriptBuildPhase;
			buildActionMask = 2147483647;
			files = (
			);
			inputPaths = (
				"${SRCROOT}/Pods/Target Support Files/Pods-Qoot_Restaurant/Pods-Qoot_Restaurant-resources.sh",
				"${PODS_ROOT}/GoogleMaps/Maps/Frameworks/GoogleMaps.framework/Resources/GoogleMaps.bundle",
				"${PODS_ROOT}/GooglePlacePicker/Frameworks/GooglePlacePicker.framework/Resources/GooglePlacePicker.bundle",
				"${PODS_ROOT}/GooglePlaces/Frameworks/GooglePlaces.framework/Resources/GooglePlaces.bundle",
				"${PODS_ROOT}/GoogleSignIn/Resources/GoogleSignIn.bundle",
			);
			name = "[CP] Copy Pods Resources";
			outputPaths = (
				"${TARGET_BUILD_DIR}/${UNLOCALIZED_RESOURCES_FOLDER_PATH}/GoogleMaps.bundle",
				"${TARGET_BUILD_DIR}/${UNLOCALIZED_RESOURCES_FOLDER_PATH}/GooglePlacePicker.bundle",
				"${TARGET_BUILD_DIR}/${UNLOCALIZED_RESOURCES_FOLDER_PATH}/GooglePlaces.bundle",
				"${TARGET_BUILD_DIR}/${UNLOCALIZED_RESOURCES_FOLDER_PATH}/GoogleSignIn.bundle",
			);
			runOnlyForDeploymentPostprocessing = 0;
			shellPath = /bin/sh;
			shellScript = "\"${SRCROOT}/Pods/Target Support Files/Pods-Qoot_Restaurant/Pods-Qoot_Restaurant-resources.sh\"\n";
			showEnvVarsInLog = 0;
		};
		E0935970C2C890D95682DA06 /* [CP] Embed Pods Frameworks */ = {
			isa = PBXShellScriptBuildPhase;
			buildActionMask = 2147483647;
			files = (
			);
			inputPaths = (
				"${SRCROOT}/Pods/Target Support Files/Pods-Qoot_Restaurant/Pods-Qoot_Restaurant-frameworks.sh",
				"${BUILT_PRODUCTS_DIR}/Alamofire/Alamofire.framework",
				"${BUILT_PRODUCTS_DIR}/AlamofireImage/AlamofireImage.framework",
				"${BUILT_PRODUCTS_DIR}/Bolts/Bolts.framework",
				"${BUILT_PRODUCTS_DIR}/FBSDKCoreKit/FBSDKCoreKit.framework",
				"${BUILT_PRODUCTS_DIR}/FBSDKLoginKit/FBSDKLoginKit.framework",
				"${BUILT_PRODUCTS_DIR}/FSCalendar/FSCalendar.framework",
				"${BUILT_PRODUCTS_DIR}/GTMSessionFetcher/GTMSessionFetcher.framework",
				"${BUILT_PRODUCTS_DIR}/GoogleToolboxForMac/GoogleToolboxForMac.framework",
				"${BUILT_PRODUCTS_DIR}/GrowingTextView/GrowingTextView.framework",
				"${BUILT_PRODUCTS_DIR}/IQKeyboardManagerSwift/IQKeyboardManagerSwift.framework",
				"${BUILT_PRODUCTS_DIR}/MBProgressHUD/MBProgressHUD.framework",
				"${BUILT_PRODUCTS_DIR}/SDWebImage/SDWebImage.framework",
				"${BUILT_PRODUCTS_DIR}/SlideMenuControllerSwift/SlideMenuControllerSwift.framework",
			);
			name = "[CP] Embed Pods Frameworks";
			outputPaths = (
				"${TARGET_BUILD_DIR}/${FRAMEWORKS_FOLDER_PATH}/Alamofire.framework",
				"${TARGET_BUILD_DIR}/${FRAMEWORKS_FOLDER_PATH}/AlamofireImage.framework",
				"${TARGET_BUILD_DIR}/${FRAMEWORKS_FOLDER_PATH}/Bolts.framework",
				"${TARGET_BUILD_DIR}/${FRAMEWORKS_FOLDER_PATH}/FBSDKCoreKit.framework",
				"${TARGET_BUILD_DIR}/${FRAMEWORKS_FOLDER_PATH}/FBSDKLoginKit.framework",
				"${TARGET_BUILD_DIR}/${FRAMEWORKS_FOLDER_PATH}/FSCalendar.framework",
				"${TARGET_BUILD_DIR}/${FRAMEWORKS_FOLDER_PATH}/GTMSessionFetcher.framework",
				"${TARGET_BUILD_DIR}/${FRAMEWORKS_FOLDER_PATH}/GoogleToolboxForMac.framework",
				"${TARGET_BUILD_DIR}/${FRAMEWORKS_FOLDER_PATH}/GrowingTextView.framework",
				"${TARGET_BUILD_DIR}/${FRAMEWORKS_FOLDER_PATH}/IQKeyboardManagerSwift.framework",
				"${TARGET_BUILD_DIR}/${FRAMEWORKS_FOLDER_PATH}/MBProgressHUD.framework",
				"${TARGET_BUILD_DIR}/${FRAMEWORKS_FOLDER_PATH}/SDWebImage.framework",
				"${TARGET_BUILD_DIR}/${FRAMEWORKS_FOLDER_PATH}/SlideMenuControllerSwift.framework",
			);
			runOnlyForDeploymentPostprocessing = 0;
			shellPath = /bin/sh;
			shellScript = "\"${SRCROOT}/Pods/Target Support Files/Pods-Qoot_Restaurant/Pods-Qoot_Restaurant-frameworks.sh\"\n";
			showEnvVarsInLog = 0;
		};
/* End PBXShellScriptBuildPhase section */

/* Begin PBXSourcesBuildPhase section */
		D0258FB8215C8DC20081CB0E /* Sources */ = {
			isa = PBXSourcesBuildPhase;
			buildActionMask = 2147483647;
			files = (
				D0219326215FE1E60092D506 /* L012Localizer.swift in Sources */,
				D00254D6216D8B5200BD619B /* CLWeekCollectionCell.swift in Sources */,
				D0184FB52163059000C0138D /* AddNewDishVC.swift in Sources */,
				D00254CF216D8B5200BD619B /* CLTimeSlotsModel.swift in Sources */,
				D0F262C6220B3EC300A86BAC /* ResetPasswordVC.swift in Sources */,
				D03015642160566900EFC88E /* HomeVC.swift in Sources */,
				D0219327215FE1E60092D506 /* L102Language.swift in Sources */,
				D00254D5216D8B5200BD619B /* CLTimeSlotCollectionCell.swift in Sources */,
				D021931E215FE1E60092D506 /* ApplicationController.swift in Sources */,
				D0027B9622107F2D0044325E /* SettingsVC.swift in Sources */,
				D0219319215FE1E60092D506 /* Reachability.m in Sources */,
				D00254CE216D8B5200BD619B /* CLScheduleViewController.swift in Sources */,
				D0219331215FE5D40092D506 /* User.swift in Sources */,
				D0219321215FE1E60092D506 /* FetchApiUrls.swift in Sources */,
				D021933C215FE8D00092D506 /* ManuTVC.swift in Sources */,
				D021931A215FE1E60092D506 /* UIColorExtension.swift in Sources */,
				D0F262C4220B3EC300A86BAC /* ForgotPasswordVC.swift in Sources */,
				D021931F215FE1E60092D506 /* LanguageManger.swift in Sources */,
				D0258FC0215C8DC20081CB0E /* AppDelegate.swift in Sources */,
				D0219320215FE1E60092D506 /* ExSlideMenuController.swift in Sources */,
				D02192D2215FDCD20092D506 /* DashboardVC.swift in Sources */,
				D0219318215FE1E60092D506 /* CLNetworkUtility.swift in Sources */,
				D0219334215FE6120092D506 /* Qoot.xcdatamodeld in Sources */,
				D01F8FBE216A6B51009CA56E /* NotificationsTVC.swift in Sources */,
				D0045FF52165A6840006F12E /* CLKeyWordCollectionViewCell.swift in Sources */,
				D0219328215FE1E60092D506 /* Constants.swift in Sources */,
				D0184FBF21631FFA00C0138D /* CategoryTVC.swift in Sources */,
				D02192D1215FDCD20092D506 /* RegisterVC.swift in Sources */,
				D0219329215FE1E60092D506 /* CoreDataHandler.swift in Sources */,
				D0219323215FE1E60092D506 /* CartManager.swift in Sources */,
				D0219317215FE1E60092D506 /* CLNetworkModel.swift in Sources */,
				D02192ED215FE1390092D506 /* WalkThroughCVC.swift in Sources */,
				D03015692161A36F00EFC88E /* HomeCVC.swift in Sources */,
				D0219315215FE1E60092D506 /* CLBaseService.swift in Sources */,
				D021933E215FE8D00092D506 /* MenuVC.swift in Sources */,
				D0F262C2220B3EC300A86BAC /* ForgotPasswordOTPVC.swift in Sources */,
				D02192F1215FE1390092D506 /* LoginViewController.swift in Sources */,
				D0184FBA21631E6800C0138D /* ChooseCategoryVC.swift in Sources */,
				D00254D0216D8B5200BD619B /* CLCalanderTableViewCell.swift in Sources */,
				D0219325215FE1E60092D506 /* CCUtility.swift in Sources */,
				D0F370A6221DC37600D2D0C5 /* WalletVC.swift in Sources */,
				D0FC95E922277FCD008F8C0F /* AllOrdersVC.swift in Sources */,
				D021932D215FE4FD0092D506 /* LanguageVC.swift in Sources */,
				D01F8FB9216A63CD009CA56E /* NotificationVC.swift in Sources */,
				D021931C215FE1E60092D506 /* UIViewExtensions.swift in Sources */,
				D02192D0215FDCD20092D506 /* OTPVC.swift in Sources */,
				D02192CF215FDCD20092D506 /* BaseViewController.swift in Sources */,
				D021931B215FE1E60092D506 /* StringExtensions.swift in Sources */,
				D02192EE215FE1390092D506 /* WalkThroughVC.swift in Sources */,
				D021931D215FE1E60092D506 /* UIImageViewExtensions.swift in Sources */,
				D0219322215FE1E60092D506 /* UserManager.swift in Sources */,
				D0219316215FE1E60092D506 /* CLNetworkManager.swift in Sources */,
			);
			runOnlyForDeploymentPostprocessing = 0;
		};
/* End PBXSourcesBuildPhase section */

/* Begin PBXVariantGroup section */
		D02192DC215FE0430092D506 /* Localizable.strings */ = {
			isa = PBXVariantGroup;
			children = (
				D02192DB215FE0430092D506 /* en */,
				D02192DF215FE0A80092D506 /* ar */,
				D02192E0215FE0C00092D506 /* Base */,
			);
			name = Localizable.strings;
			sourceTree = "<group>";
		};
		D0258FC3215C8DC20081CB0E /* Main.storyboard */ = {
			isa = PBXVariantGroup;
			children = (
				D0258FC4215C8DC20081CB0E /* Base */,
				D02192DD215FE0A80092D506 /* ar */,
			);
			name = Main.storyboard;
			sourceTree = "<group>";
		};
		D0258FC8215C8DC60081CB0E /* LaunchScreen.storyboard */ = {
			isa = PBXVariantGroup;
			children = (
				D0258FC9215C8DC60081CB0E /* Base */,
				D02192DE215FE0A80092D506 /* ar */,
			);
			name = LaunchScreen.storyboard;
			sourceTree = "<group>";
		};
/* End PBXVariantGroup section */

/* Begin XCBuildConfiguration section */
		D0258FCC215C8DC60081CB0E /* Debug */ = {
			isa = XCBuildConfiguration;
			buildSettings = {
				ALWAYS_SEARCH_USER_PATHS = NO;
				CLANG_ANALYZER_LOCALIZABILITY_NONLOCALIZED = YES;
				CLANG_ANALYZER_NONNULL = YES;
				CLANG_ANALYZER_NUMBER_OBJECT_CONVERSION = YES_AGGRESSIVE;
				CLANG_CXX_LANGUAGE_STANDARD = "gnu++14";
				CLANG_CXX_LIBRARY = "libc++";
				CLANG_ENABLE_MODULES = YES;
				CLANG_ENABLE_OBJC_ARC = YES;
				CLANG_ENABLE_OBJC_WEAK = YES;
				CLANG_WARN_BLOCK_CAPTURE_AUTORELEASING = YES;
				CLANG_WARN_BOOL_CONVERSION = YES;
				CLANG_WARN_COMMA = YES;
				CLANG_WARN_CONSTANT_CONVERSION = YES;
				CLANG_WARN_DEPRECATED_OBJC_IMPLEMENTATIONS = YES;
				CLANG_WARN_DIRECT_OBJC_ISA_USAGE = YES_ERROR;
				CLANG_WARN_DOCUMENTATION_COMMENTS = YES;
				CLANG_WARN_EMPTY_BODY = YES;
				CLANG_WARN_ENUM_CONVERSION = YES;
				CLANG_WARN_INFINITE_RECURSION = YES;
				CLANG_WARN_INT_CONVERSION = YES;
				CLANG_WARN_NON_LITERAL_NULL_CONVERSION = YES;
				CLANG_WARN_OBJC_IMPLICIT_RETAIN_SELF = YES;
				CLANG_WARN_OBJC_LITERAL_CONVERSION = YES;
				CLANG_WARN_OBJC_ROOT_CLASS = YES_ERROR;
				CLANG_WARN_RANGE_LOOP_ANALYSIS = YES;
				CLANG_WARN_STRICT_PROTOTYPES = YES;
				CLANG_WARN_SUSPICIOUS_MOVE = YES;
				CLANG_WARN_UNGUARDED_AVAILABILITY = YES_AGGRESSIVE;
				CLANG_WARN_UNREACHABLE_CODE = YES;
				CLANG_WARN__DUPLICATE_METHOD_MATCH = YES;
				CODE_SIGN_IDENTITY = "iPhone Developer";
				COPY_PHASE_STRIP = NO;
				DEBUG_INFORMATION_FORMAT = dwarf;
				ENABLE_STRICT_OBJC_MSGSEND = YES;
				ENABLE_TESTABILITY = YES;
				GCC_C_LANGUAGE_STANDARD = gnu11;
				GCC_DYNAMIC_NO_PIC = NO;
				GCC_NO_COMMON_BLOCKS = YES;
				GCC_OPTIMIZATION_LEVEL = 0;
				GCC_PREPROCESSOR_DEFINITIONS = (
					"DEBUG=1",
					"$(inherited)",
				);
				GCC_WARN_64_TO_32_BIT_CONVERSION = YES;
				GCC_WARN_ABOUT_RETURN_TYPE = YES_ERROR;
				GCC_WARN_UNDECLARED_SELECTOR = YES;
				GCC_WARN_UNINITIALIZED_AUTOS = YES_AGGRESSIVE;
				GCC_WARN_UNUSED_FUNCTION = YES;
				GCC_WARN_UNUSED_VARIABLE = YES;
				IPHONEOS_DEPLOYMENT_TARGET = 11.3;
				MTL_ENABLE_DEBUG_INFO = YES;
				ONLY_ACTIVE_ARCH = YES;
				SDKROOT = iphoneos;
				SWIFT_ACTIVE_COMPILATION_CONDITIONS = DEBUG;
				SWIFT_OBJC_BRIDGING_HEADER = "Qoot_Restaurant/Helper/BridgingHeader/Qoot-Bridging-Header.h";
				SWIFT_OPTIMIZATION_LEVEL = "-Onone";
			};
			name = Debug;
		};
		D0258FCD215C8DC60081CB0E /* Release */ = {
			isa = XCBuildConfiguration;
			buildSettings = {
				ALWAYS_SEARCH_USER_PATHS = NO;
				CLANG_ANALYZER_LOCALIZABILITY_NONLOCALIZED = YES;
				CLANG_ANALYZER_NONNULL = YES;
				CLANG_ANALYZER_NUMBER_OBJECT_CONVERSION = YES_AGGRESSIVE;
				CLANG_CXX_LANGUAGE_STANDARD = "gnu++14";
				CLANG_CXX_LIBRARY = "libc++";
				CLANG_ENABLE_MODULES = YES;
				CLANG_ENABLE_OBJC_ARC = YES;
				CLANG_ENABLE_OBJC_WEAK = YES;
				CLANG_WARN_BLOCK_CAPTURE_AUTORELEASING = YES;
				CLANG_WARN_BOOL_CONVERSION = YES;
				CLANG_WARN_COMMA = YES;
				CLANG_WARN_CONSTANT_CONVERSION = YES;
				CLANG_WARN_DEPRECATED_OBJC_IMPLEMENTATIONS = YES;
				CLANG_WARN_DIRECT_OBJC_ISA_USAGE = YES_ERROR;
				CLANG_WARN_DOCUMENTATION_COMMENTS = YES;
				CLANG_WARN_EMPTY_BODY = YES;
				CLANG_WARN_ENUM_CONVERSION = YES;
				CLANG_WARN_INFINITE_RECURSION = YES;
				CLANG_WARN_INT_CONVERSION = YES;
				CLANG_WARN_NON_LITERAL_NULL_CONVERSION = YES;
				CLANG_WARN_OBJC_IMPLICIT_RETAIN_SELF = YES;
				CLANG_WARN_OBJC_LITERAL_CONVERSION = YES;
				CLANG_WARN_OBJC_ROOT_CLASS = YES_ERROR;
				CLANG_WARN_RANGE_LOOP_ANALYSIS = YES;
				CLANG_WARN_STRICT_PROTOTYPES = YES;
				CLANG_WARN_SUSPICIOUS_MOVE = YES;
				CLANG_WARN_UNGUARDED_AVAILABILITY = YES_AGGRESSIVE;
				CLANG_WARN_UNREACHABLE_CODE = YES;
				CLANG_WARN__DUPLICATE_METHOD_MATCH = YES;
				CODE_SIGN_IDENTITY = "iPhone Developer";
				COPY_PHASE_STRIP = NO;
				DEBUG_INFORMATION_FORMAT = "dwarf-with-dsym";
				ENABLE_NS_ASSERTIONS = NO;
				ENABLE_STRICT_OBJC_MSGSEND = YES;
				GCC_C_LANGUAGE_STANDARD = gnu11;
				GCC_NO_COMMON_BLOCKS = YES;
				GCC_WARN_64_TO_32_BIT_CONVERSION = YES;
				GCC_WARN_ABOUT_RETURN_TYPE = YES_ERROR;
				GCC_WARN_UNDECLARED_SELECTOR = YES;
				GCC_WARN_UNINITIALIZED_AUTOS = YES_AGGRESSIVE;
				GCC_WARN_UNUSED_FUNCTION = YES;
				GCC_WARN_UNUSED_VARIABLE = YES;
				IPHONEOS_DEPLOYMENT_TARGET = 11.3;
				MTL_ENABLE_DEBUG_INFO = NO;
				SDKROOT = iphoneos;
				SWIFT_COMPILATION_MODE = wholemodule;
				SWIFT_OBJC_BRIDGING_HEADER = "Qoot_Restaurant/Helper/BridgingHeader/Qoot-Bridging-Header.h";
				SWIFT_OPTIMIZATION_LEVEL = "-O";
				VALIDATE_PRODUCT = YES;
			};
			name = Release;
		};
		D0258FCF215C8DC60081CB0E /* Debug */ = {
			isa = XCBuildConfiguration;
			baseConfigurationReference = 976F4DF30AE2138772928101 /* Pods-Qoot_Restaurant.debug.xcconfig */;
			buildSettings = {
				ASSETCATALOG_COMPILER_APPICON_NAME = AppIcon;
				CODE_SIGN_IDENTITY = "iPhone Developer";
				CODE_SIGN_STYLE = Automatic;
				DEVELOPMENT_TEAM = WVYK59KXPF;
				ENABLE_BITCODE = NO;
				INFOPLIST_FILE = Qoot_Restaurant/Info.plist;
				IPHONEOS_DEPLOYMENT_TARGET = 9.0;
				LD_RUNPATH_SEARCH_PATHS = (
					"$(inherited)",
					"@executable_path/Frameworks",
				);
				PRODUCT_BUNDLE_IDENTIFIER = com.qootkitchen.ios;
				PRODUCT_NAME = "$(TARGET_NAME)";
				PROVISIONING_PROFILE = "";
				PROVISIONING_PROFILE_SPECIFIER = "";
				SWIFT_OBJC_BRIDGING_HEADER = "$(SRCROOT)/Qoot_Restaurant/Helper/BridgingHeader/Qoot-Bridging-Header.h";
				SWIFT_VERSION = 4.0;
				TARGETED_DEVICE_FAMILY = "1,2";
			};
			name = Debug;
		};
		D0258FD0215C8DC60081CB0E /* Release */ = {
			isa = XCBuildConfiguration;
			baseConfigurationReference = FF65D1040125C484C7CB61A3 /* Pods-Qoot_Restaurant.release.xcconfig */;
			buildSettings = {
				ASSETCATALOG_COMPILER_APPICON_NAME = AppIcon;
				CODE_SIGN_IDENTITY = "iPhone Developer";
				CODE_SIGN_STYLE = Automatic;
				DEVELOPMENT_TEAM = WVYK59KXPF;
				ENABLE_BITCODE = NO;
				INFOPLIST_FILE = Qoot_Restaurant/Info.plist;
				IPHONEOS_DEPLOYMENT_TARGET = 9.0;
				LD_RUNPATH_SEARCH_PATHS = (
					"$(inherited)",
					"@executable_path/Frameworks",
				);
				PRODUCT_BUNDLE_IDENTIFIER = com.qootkitchen.ios;
				PRODUCT_NAME = "$(TARGET_NAME)";
				PROVISIONING_PROFILE = "";
				PROVISIONING_PROFILE_SPECIFIER = "";
				SWIFT_OBJC_BRIDGING_HEADER = "$(SRCROOT)/Qoot_Restaurant/Helper/BridgingHeader/Qoot-Bridging-Header.h";
				SWIFT_VERSION = 4.0;
				TARGETED_DEVICE_FAMILY = "1,2";
			};
			name = Release;
		};
/* End XCBuildConfiguration section */

/* Begin XCConfigurationList section */
		D0258FB7215C8DC20081CB0E /* Build configuration list for PBXProject "Qoot_Restaurant" */ = {
			isa = XCConfigurationList;
			buildConfigurations = (
				D0258FCC215C8DC60081CB0E /* Debug */,
				D0258FCD215C8DC60081CB0E /* Release */,
			);
			defaultConfigurationIsVisible = 0;
			defaultConfigurationName = Release;
		};
		D0258FCE215C8DC60081CB0E /* Build configuration list for PBXNativeTarget "Qoot_Restaurant" */ = {
			isa = XCConfigurationList;
			buildConfigurations = (
				D0258FCF215C8DC60081CB0E /* Debug */,
				D0258FD0215C8DC60081CB0E /* Release */,
			);
			defaultConfigurationIsVisible = 0;
			defaultConfigurationName = Release;
		};
/* End XCConfigurationList section */

/* Begin XCVersionGroup section */
		D0219332215FE6120092D506 /* Qoot.xcdatamodeld */ = {
			isa = XCVersionGroup;
			children = (
				D0219333215FE6120092D506 /* Qoot.xcdatamodel */,
			);
			currentVersion = D0219333215FE6120092D506 /* Qoot.xcdatamodel */;
			path = Qoot.xcdatamodeld;
			sourceTree = "<group>";
			versionGroupType = wrapper.xcdatamodel;
		};
/* End XCVersionGroup section */
	};
	rootObject = D0258FB4215C8DC20081CB0E /* Project object */;
}
